
Microsoft Visual Studio Solution File, Format Version 12.00
# Visual Studio 2017
Project("{FAE04EC0-301F-11D3-BF4B-00C04F79EFBC}") = "dotnet-demo", "dotnet-demo.csproj", "{4F4C7972-DABE-474C-B63E-96C9046F6672}"
EndProject
Global
	GlobalSection(SolutionConfigurationPlatforms) = preSolution
		Debug|Any CPU = Debug|Any CPU
		Release|Any CPU = Release|Any CPU
	EndGlobalSection
	GlobalSection(ProjectConfigurationPlatforms) = postSolution
		{4F4C7972-DABE-474C-B63E-96C9046F6672}.Debug|Any CPU.ActiveCfg = Debug|Any CPU
		{4F4C7972-DABE-474C-B63E-96C9046F6672}.Debug|Any CPU.Build.0 = Debug|Any CPU
		{4F4C7972-DABE-474C-B63E-96C9046F6672}.Release|Any CPU.ActiveCfg = Release|Any CPU
		{4F4C7972-DABE-474C-B63E-96C9046F6672}.Release|Any CPU.Build.0 = Release|Any CPU
	EndGlobalSection
EndGlobal
